
Microsoft Visual Studio Solution File, Format Version 12.00
# Visual Studio 15
VisualStudioVersion = 15.0.28010.2046
MinimumVisualStudioVersion = 10.0.40219.1
Project("{FAE04EC0-301F-11D3-BF4B-00C04F79EFBC}") = "XMLAnalysis", "XMLAnalysis\XMLAnalysis.csproj", "{7D797E94-8E58-46F3-938D-1FDF42D1A4F7}"
EndProject
Global
	GlobalSection(SolutionConfigurationPlatforms) = preSolution
		Debug|Any CPU = Debug|Any CPU
		Release|Any CPU = Release|Any CPU
	EndGlobalSection
	GlobalSection(ProjectConfigurationPlatforms) = postSolution
		{7D797E94-8E58-46F3-938D-1FDF42D1A4F7}.Debug|Any CPU.ActiveCfg = Debug|Any CPU
		{7D797E94-8E58-46F3-938D-1FDF42D1A4F7}.Debug|Any CPU.Build.0 = Debug|Any CPU
		{7D797E94-8E58-46F3-938D-1FDF42D1A4F7}.Release|Any CPU.ActiveCfg = Release|Any CPU
		{7D797E94-8E58-46F3-938D-1FDF42D1A4F7}.Release|Any CPU.Build.0 = Release|Any CPU
	EndGlobalSection
	GlobalSection(SolutionProperties) = preSolution
		HideSolutionNode = FALSE
	EndGlobalSection
	GlobalSection(ExtensibilityGlobals) = postSolution
		SolutionGuid = {95FEFC53-8BDD-42C8-8191-D2D9DF363BA6}
	EndGlobalSection
EndGlobal
